// !$*UTF8*$!
{
	archiveVersion = 1;
	classes = {
	};
	objectVersion = 56;
	objects = {

/* Begin PBXBuildFile section */
		417552ED2C918B9900549F5C /* DeleteDTO.swift in Sources */ = {isa = PBXBuildFile; fileRef = 417552EC2C918B9900549F5C /* DeleteDTO.swift */; };
		417552EF2C918BC400549F5C /* GetAllDataDTO.swift in Sources */ = {isa = PBXBuildFile; fileRef = 417552EE2C918BC400549F5C /* GetAllDataDTO.swift */; };
		417552F12C918C4900549F5C /* DeleteRequest.swift in Sources */ = {isa = PBXBuildFile; fileRef = 417552F02C918C4900549F5C /* DeleteRequest.swift */; };
		417552F32C918C5000549F5C /* DeleteResponse.swift in Sources */ = {isa = PBXBuildFile; fileRef = 417552F22C918C5000549F5C /* DeleteResponse.swift */; };
		417552F52C918CB900549F5C /* DeleteEndPoint.swift in Sources */ = {isa = PBXBuildFile; fileRef = 417552F42C918CB900549F5C /* DeleteEndPoint.swift */; };
		417552F72C918EC600549F5C /* DeleteRepository.swift in Sources */ = {isa = PBXBuildFile; fileRef = 417552F62C918EC600549F5C /* DeleteRepository.swift */; };
		417552F92C918F0300549F5C /* AdminUseCase.swift in Sources */ = {isa = PBXBuildFile; fileRef = 417552F82C918F0300549F5C /* AdminUseCase.swift */; };
		417552FB2C918F4100549F5C /* AdminService.swift in Sources */ = {isa = PBXBuildFile; fileRef = 417552FA2C918F4100549F5C /* AdminService.swift */; };
		417552FD2C918F5B00549F5C /* AdminUseCaseImp.swift in Sources */ = {isa = PBXBuildFile; fileRef = 417552FC2C918F5B00549F5C /* AdminUseCaseImp.swift */; };
		417552FF2C918FA500549F5C /* AdminServiceImp.swift in Sources */ = {isa = PBXBuildFile; fileRef = 417552FE2C918FA500549F5C /* AdminServiceImp.swift */; };
		417553012C91906F00549F5C /* DeleteRepositoryImp.swift in Sources */ = {isa = PBXBuildFile; fileRef = 417553002C91906F00549F5C /* DeleteRepositoryImp.swift */; };
		417553032C91927500549F5C /* ProgramUserData.swift in Sources */ = {isa = PBXBuildFile; fileRef = 417553022C91927500549F5C /* ProgramUserData.swift */; };
		417553052C91B72B00549F5C /* GetAllDataResponse.swift in Sources */ = {isa = PBXBuildFile; fileRef = 417553042C91B72B00549F5C /* GetAllDataResponse.swift */; };
		417553072C91B77C00549F5C /* GetAllDataRequest.swift in Sources */ = {isa = PBXBuildFile; fileRef = 417553062C91B77C00549F5C /* GetAllDataRequest.swift */; };
		417553092C91B7D700549F5C /* GetAllDataRepository.swift in Sources */ = {isa = PBXBuildFile; fileRef = 417553082C91B7D700549F5C /* GetAllDataRepository.swift */; };
		4175530B2C91B7EB00549F5C /* GetAllDataEndPoint.swift in Sources */ = {isa = PBXBuildFile; fileRef = 4175530A2C91B7EB00549F5C /* GetAllDataEndPoint.swift */; };
		4175530D2C91BBC500549F5C /* GetAllDataRepositoryImp.swift in Sources */ = {isa = PBXBuildFile; fileRef = 4175530C2C91BBC500549F5C /* GetAllDataRepositoryImp.swift */; };
		417553102C92197A00549F5C /* SafariView.swift in Sources */ = {isa = PBXBuildFile; fileRef = 4175530F2C92197A00549F5C /* SafariView.swift */; };
		417553122C9227E200549F5C /* AdminViewModel+RegisterViewDelegate.swift in Sources */ = {isa = PBXBuildFile; fileRef = 417553112C9227E200549F5C /* AdminViewModel+RegisterViewDelegate.swift */; };
		4178BF3D2C902C680057C599 /* AdminView.swift in Sources */ = {isa = PBXBuildFile; fileRef = 4178BF3C2C902C680057C599 /* AdminView.swift */; };
		4178BF3F2C902C6E0057C599 /* AdminViewModel.swift in Sources */ = {isa = PBXBuildFile; fileRef = 4178BF3E2C902C6E0057C599 /* AdminViewModel.swift */; };
		4178BF422C903DDF0057C599 /* HapticFeedbackManager.swift in Sources */ = {isa = PBXBuildFile; fileRef = 4178BF412C903DDF0057C599 /* HapticFeedbackManager.swift */; };
		4178BF442C903FF90057C599 /* RegisterDTO.swift in Sources */ = {isa = PBXBuildFile; fileRef = 4178BF432C903FF90057C599 /* RegisterDTO.swift */; };
		4178BF462C9040730057C599 /* RegisterRequest.swift in Sources */ = {isa = PBXBuildFile; fileRef = 4178BF452C9040730057C599 /* RegisterRequest.swift */; };
		4178BF482C90407A0057C599 /* RegisterResponse.swift in Sources */ = {isa = PBXBuildFile; fileRef = 4178BF472C90407A0057C599 /* RegisterResponse.swift */; };
		4178BF4A2C9041A40057C599 /* RegisterEndPoint.swift in Sources */ = {isa = PBXBuildFile; fileRef = 4178BF492C9041A40057C599 /* RegisterEndPoint.swift */; };
		4178BF4C2C9054F80057C599 /* RegisterRepository.swift in Sources */ = {isa = PBXBuildFile; fileRef = 4178BF4B2C9054F80057C599 /* RegisterRepository.swift */; };
		4178BF4E2C90555A0057C599 /* RegisterRepositoryImp.swift in Sources */ = {isa = PBXBuildFile; fileRef = 4178BF4D2C90555A0057C599 /* RegisterRepositoryImp.swift */; };
		41807BD12C8ED4E7002D3922 /* DIContainer.swift in Sources */ = {isa = PBXBuildFile; fileRef = 41807BD02C8ED4E6002D3922 /* DIContainer.swift */; };
		41807BD32C8ED4FB002D3922 /* Injected.swift in Sources */ = {isa = PBXBuildFile; fileRef = 41807BD22C8ED4FB002D3922 /* Injected.swift */; };
		41807BD52C8ED508002D3922 /* Auth.swift in Sources */ = {isa = PBXBuildFile; fileRef = 41807BD42C8ED508002D3922 /* Auth.swift */; };
		41807BD82C8ED53A002D3922 /* AppDelegate.swift in Sources */ = {isa = PBXBuildFile; fileRef = 41807BD72C8ED53A002D3922 /* AppDelegate.swift */; };
		41807BDD2C8EDF02002D3922 /* RegisterViewModel.swift in Sources */ = {isa = PBXBuildFile; fileRef = 41807BDC2C8EDF02002D3922 /* RegisterViewModel.swift */; };
		41807BE52C8F6DB9002D3922 /* GetProfileDataRepository.swift in Sources */ = {isa = PBXBuildFile; fileRef = 41807BE42C8F6DB9002D3922 /* GetProfileDataRepository.swift */; };
		41807BEA2C8F6DEA002D3922 /* GetProfileRequest.swift in Sources */ = {isa = PBXBuildFile; fileRef = 41807BE92C8F6DEA002D3922 /* GetProfileRequest.swift */; };
		41807BEC2C8F6DF1002D3922 /* ProfileResponse.swift in Sources */ = {isa = PBXBuildFile; fileRef = 41807BEB2C8F6DF1002D3922 /* ProfileResponse.swift */; };
		41807BEF2C8F6F3E002D3922 /* ProfileDTO.swift in Sources */ = {isa = PBXBuildFile; fileRef = 41807BEE2C8F6F3E002D3922 /* ProfileDTO.swift */; };
		41807BF22C8F6FB9002D3922 /* GetProfileDataRepositoryImp.swift in Sources */ = {isa = PBXBuildFile; fileRef = 41807BF12C8F6FB9002D3922 /* GetProfileDataRepositoryImp.swift */; };
		41807BF42C8F7038002D3922 /* ProfileEndPoint.swift in Sources */ = {isa = PBXBuildFile; fileRef = 41807BF32C8F7038002D3922 /* ProfileEndPoint.swift */; };
		419397F22C8DF422005AE3D6 /* SuddenVanguard_AdminApp.swift in Sources */ = {isa = PBXBuildFile; fileRef = 419397F12C8DF422005AE3D6 /* SuddenVanguard_AdminApp.swift */; };
		419397F62C8DF424005AE3D6 /* Assets.xcassets in Resources */ = {isa = PBXBuildFile; fileRef = 419397F52C8DF424005AE3D6 /* Assets.xcassets */; };
		419397F92C8DF424005AE3D6 /* Preview Assets.xcassets in Resources */ = {isa = PBXBuildFile; fileRef = 419397F82C8DF424005AE3D6 /* Preview Assets.xcassets */; };
		419398052C8DFB12005AE3D6 /* MainView.swift in Sources */ = {isa = PBXBuildFile; fileRef = 419398042C8DFB12005AE3D6 /* MainView.swift */; };
		419398072C8DFBCF005AE3D6 /* AdminButtonView.swift in Sources */ = {isa = PBXBuildFile; fileRef = 419398062C8DFBCF005AE3D6 /* AdminButtonView.swift */; };
		4193980A2C8E19D6005AE3D6 /* ApiClientService.swift in Sources */ = {isa = PBXBuildFile; fileRef = 419398092C8E19D6005AE3D6 /* ApiClientService.swift */; };
		4193980E2C8E19FF005AE3D6 /* EndPoint.swift in Sources */ = {isa = PBXBuildFile; fileRef = 4193980D2C8E19FF005AE3D6 /* EndPoint.swift */; };
		419398112C8E1A2E005AE3D6 /* HTTPMethod.swift in Sources */ = {isa = PBXBuildFile; fileRef = 419398102C8E1A2E005AE3D6 /* HTTPMethod.swift */; };
		419398132C8E1A43005AE3D6 /* HttpResponseStatus.swift in Sources */ = {isa = PBXBuildFile; fileRef = 419398122C8E1A43005AE3D6 /* HttpResponseStatus.swift */; };
		419398162C8E1A98005AE3D6 /* ApiError.swift in Sources */ = {isa = PBXBuildFile; fileRef = 419398152C8E1A98005AE3D6 /* ApiError.swift */; };
		419398192C8E1ABF005AE3D6 /* ApiClientServiceImp.swift in Sources */ = {isa = PBXBuildFile; fileRef = 419398182C8E1ABF005AE3D6 /* ApiClientServiceImp.swift */; };
		4193981F2C8E1B37005AE3D6 /* RegisterUseCase.swift in Sources */ = {isa = PBXBuildFile; fileRef = 4193981E2C8E1B37005AE3D6 /* RegisterUseCase.swift */; };
		419398222C8E1B7E005AE3D6 /* RegisterUseCaseImp.swift in Sources */ = {isa = PBXBuildFile; fileRef = 419398212C8E1B7E005AE3D6 /* RegisterUseCaseImp.swift */; };
		419398252C8E1B99005AE3D6 /* RegisterServiceImp.swift in Sources */ = {isa = PBXBuildFile; fileRef = 419398242C8E1B99005AE3D6 /* RegisterServiceImp.swift */; };
		419398282C8E1BA9005AE3D6 /* RegisterService.swift in Sources */ = {isa = PBXBuildFile; fileRef = 419398272C8E1BA9005AE3D6 /* RegisterService.swift */; };
		4193982C2C8E1EE1005AE3D6 /* RegisterView.swift in Sources */ = {isa = PBXBuildFile; fileRef = 4193982B2C8E1EE1005AE3D6 /* RegisterView.swift */; };
		4193982F2C8E1F02005AE3D6 /* MainViewModel.swift in Sources */ = {isa = PBXBuildFile; fileRef = 4193982E2C8E1F02005AE3D6 /* MainViewModel.swift */; };
		419398312C8E1FD6005AE3D6 /* UserRowView.swift in Sources */ = {isa = PBXBuildFile; fileRef = 419398302C8E1FD6005AE3D6 /* UserRowView.swift */; };
		419398352C8E2013005AE3D6 /* SearchUserData.swift in Sources */ = {isa = PBXBuildFile; fileRef = 419398342C8E2013005AE3D6 /* SearchUserData.swift */; };
		419398382C8E205C005AE3D6 /* Kingfisher in Frameworks */ = {isa = PBXBuildFile; productRef = 419398372C8E205C005AE3D6 /* Kingfisher */; };
/* End PBXBuildFile section */

/* Begin PBXFileReference section */
		417552EC2C918B9900549F5C /* DeleteDTO.swift */ = {isa = PBXFileReference; lastKnownFileType = sourcecode.swift; path = DeleteDTO.swift; sourceTree = "<group>"; };
		417552EE2C918BC400549F5C /* GetAllDataDTO.swift */ = {isa = PBXFileReference; lastKnownFileType = sourcecode.swift; path = GetAllDataDTO.swift; sourceTree = "<group>"; };
		417552F02C918C4900549F5C /* DeleteRequest.swift */ = {isa = PBXFileReference; lastKnownFileType = sourcecode.swift; path = DeleteRequest.swift; sourceTree = "<group>"; };
		417552F22C918C5000549F5C /* DeleteResponse.swift */ = {isa = PBXFileReference; lastKnownFileType = sourcecode.swift; path = DeleteResponse.swift; sourceTree = "<group>"; };
		417552F42C918CB900549F5C /* DeleteEndPoint.swift */ = {isa = PBXFileReference; lastKnownFileType = sourcecode.swift; path = DeleteEndPoint.swift; sourceTree = "<group>"; };
		417552F62C918EC600549F5C /* DeleteRepository.swift */ = {isa = PBXFileReference; lastKnownFileType = sourcecode.swift; path = DeleteRepository.swift; sourceTree = "<group>"; };
		417552F82C918F0300549F5C /* AdminUseCase.swift */ = {isa = PBXFileReference; lastKnownFileType = sourcecode.swift; path = AdminUseCase.swift; sourceTree = "<group>"; };
		417552FA2C918F4100549F5C /* AdminService.swift */ = {isa = PBXFileReference; lastKnownFileType = sourcecode.swift; path = AdminService.swift; sourceTree = "<group>"; };
		417552FC2C918F5B00549F5C /* AdminUseCaseImp.swift */ = {isa = PBXFileReference; lastKnownFileType = sourcecode.swift; path = AdminUseCaseImp.swift; sourceTree = "<group>"; };
		417552FE2C918FA500549F5C /* AdminServiceImp.swift */ = {isa = PBXFileReference; lastKnownFileType = sourcecode.swift; path = AdminServiceImp.swift; sourceTree = "<group>"; };
		417553002C91906F00549F5C /* DeleteRepositoryImp.swift */ = {isa = PBXFileReference; lastKnownFileType = sourcecode.swift; path = DeleteRepositoryImp.swift; sourceTree = "<group>"; };
		417553022C91927500549F5C /* ProgramUserData.swift */ = {isa = PBXFileReference; lastKnownFileType = sourcecode.swift; path = ProgramUserData.swift; sourceTree = "<group>"; };
		417553042C91B72B00549F5C /* GetAllDataResponse.swift */ = {isa = PBXFileReference; lastKnownFileType = sourcecode.swift; path = GetAllDataResponse.swift; sourceTree = "<group>"; };
		417553062C91B77C00549F5C /* GetAllDataRequest.swift */ = {isa = PBXFileReference; lastKnownFileType = sourcecode.swift; path = GetAllDataRequest.swift; sourceTree = "<group>"; };
		417553082C91B7D700549F5C /* GetAllDataRepository.swift */ = {isa = PBXFileReference; lastKnownFileType = sourcecode.swift; path = GetAllDataRepository.swift; sourceTree = "<group>"; };
		4175530A2C91B7EB00549F5C /* GetAllDataEndPoint.swift */ = {isa = PBXFileReference; lastKnownFileType = sourcecode.swift; path = GetAllDataEndPoint.swift; sourceTree = "<group>"; };
		4175530C2C91BBC500549F5C /* GetAllDataRepositoryImp.swift */ = {isa = PBXFileReference; lastKnownFileType = sourcecode.swift; path = GetAllDataRepositoryImp.swift; sourceTree = "<group>"; };
		4175530F2C92197A00549F5C /* SafariView.swift */ = {isa = PBXFileReference; lastKnownFileType = sourcecode.swift; path = SafariView.swift; sourceTree = "<group>"; };
		417553112C9227E200549F5C /* AdminViewModel+RegisterViewDelegate.swift */ = {isa = PBXFileReference; lastKnownFileType = sourcecode.swift; path = "AdminViewModel+RegisterViewDelegate.swift"; sourceTree = "<group>"; };
		4178BF3C2C902C680057C599 /* AdminView.swift */ = {isa = PBXFileReference; lastKnownFileType = sourcecode.swift; path = AdminView.swift; sourceTree = "<group>"; };
		4178BF3E2C902C6E0057C599 /* AdminViewModel.swift */ = {isa = PBXFileReference; lastKnownFileType = sourcecode.swift; path = AdminViewModel.swift; sourceTree = "<group>"; };
		4178BF412C903DDF0057C599 /* HapticFeedbackManager.swift */ = {isa = PBXFileReference; lastKnownFileType = sourcecode.swift; path = HapticFeedbackManager.swift; sourceTree = "<group>"; };
		4178BF432C903FF90057C599 /* RegisterDTO.swift */ = {isa = PBXFileReference; lastKnownFileType = sourcecode.swift; path = RegisterDTO.swift; sourceTree = "<group>"; };
		4178BF452C9040730057C599 /* RegisterRequest.swift */ = {isa = PBXFileReference; lastKnownFileType = sourcecode.swift; path = RegisterRequest.swift; sourceTree = "<group>"; };
		4178BF472C90407A0057C599 /* RegisterResponse.swift */ = {isa = PBXFileReference; lastKnownFileType = sourcecode.swift; path = RegisterResponse.swift; sourceTree = "<group>"; };
		4178BF492C9041A40057C599 /* RegisterEndPoint.swift */ = {isa = PBXFileReference; lastKnownFileType = sourcecode.swift; path = RegisterEndPoint.swift; sourceTree = "<group>"; };
		4178BF4B2C9054F80057C599 /* RegisterRepository.swift */ = {isa = PBXFileReference; lastKnownFileType = sourcecode.swift; path = RegisterRepository.swift; sourceTree = "<group>"; };
		4178BF4D2C90555A0057C599 /* RegisterRepositoryImp.swift */ = {isa = PBXFileReference; lastKnownFileType = sourcecode.swift; path = RegisterRepositoryImp.swift; sourceTree = "<group>"; };
		41807BD02C8ED4E6002D3922 /* DIContainer.swift */ = {isa = PBXFileReference; lastKnownFileType = sourcecode.swift; path = DIContainer.swift; sourceTree = "<group>"; };
		41807BD22C8ED4FB002D3922 /* Injected.swift */ = {isa = PBXFileReference; lastKnownFileType = sourcecode.swift; path = Injected.swift; sourceTree = "<group>"; };
		41807BD42C8ED508002D3922 /* Auth.swift */ = {isa = PBXFileReference; lastKnownFileType = sourcecode.swift; path = Auth.swift; sourceTree = "<group>"; };
		41807BD72C8ED53A002D3922 /* AppDelegate.swift */ = {isa = PBXFileReference; lastKnownFileType = sourcecode.swift; path = AppDelegate.swift; sourceTree = "<group>"; };
		41807BDA2C8ED7C4002D3922 /* ApiKey.Config.xcconfig */ = {isa = PBXFileReference; lastKnownFileType = text.xcconfig; path = ApiKey.Config.xcconfig; sourceTree = "<group>"; };
		41807BDB2C8ED80B002D3922 /* Info.plist */ = {isa = PBXFileReference; lastKnownFileType = text.plist; path = Info.plist; sourceTree = "<group>"; };
		41807BDC2C8EDF02002D3922 /* RegisterViewModel.swift */ = {isa = PBXFileReference; lastKnownFileType = sourcecode.swift; path = RegisterViewModel.swift; sourceTree = "<group>"; };
		41807BE42C8F6DB9002D3922 /* GetProfileDataRepository.swift */ = {isa = PBXFileReference; lastKnownFileType = sourcecode.swift; path = GetProfileDataRepository.swift; sourceTree = "<group>"; };
		41807BE92C8F6DEA002D3922 /* GetProfileRequest.swift */ = {isa = PBXFileReference; lastKnownFileType = sourcecode.swift; path = GetProfileRequest.swift; sourceTree = "<group>"; };
		41807BEB2C8F6DF1002D3922 /* ProfileResponse.swift */ = {isa = PBXFileReference; lastKnownFileType = sourcecode.swift; path = ProfileResponse.swift; sourceTree = "<group>"; };
		41807BEE2C8F6F3E002D3922 /* ProfileDTO.swift */ = {isa = PBXFileReference; lastKnownFileType = sourcecode.swift; path = ProfileDTO.swift; sourceTree = "<group>"; };
		41807BF12C8F6FB9002D3922 /* GetProfileDataRepositoryImp.swift */ = {isa = PBXFileReference; lastKnownFileType = sourcecode.swift; path = GetProfileDataRepositoryImp.swift; sourceTree = "<group>"; };
		41807BF32C8F7038002D3922 /* ProfileEndPoint.swift */ = {isa = PBXFileReference; lastKnownFileType = sourcecode.swift; path = ProfileEndPoint.swift; sourceTree = "<group>"; };
		419397EE2C8DF422005AE3D6 /* SuddenVanguard-Admin.app */ = {isa = PBXFileReference; explicitFileType = wrapper.application; includeInIndex = 0; path = "SuddenVanguard-Admin.app"; sourceTree = BUILT_PRODUCTS_DIR; };
		419397F12C8DF422005AE3D6 /* SuddenVanguard_AdminApp.swift */ = {isa = PBXFileReference; lastKnownFileType = sourcecode.swift; path = SuddenVanguard_AdminApp.swift; sourceTree = "<group>"; };
		419397F52C8DF424005AE3D6 /* Assets.xcassets */ = {isa = PBXFileReference; lastKnownFileType = folder.assetcatalog; path = Assets.xcassets; sourceTree = "<group>"; };
		419397F82C8DF424005AE3D6 /* Preview Assets.xcassets */ = {isa = PBXFileReference; lastKnownFileType = folder.assetcatalog; path = "Preview Assets.xcassets"; sourceTree = "<group>"; };
		419398042C8DFB12005AE3D6 /* MainView.swift */ = {isa = PBXFileReference; lastKnownFileType = sourcecode.swift; path = MainView.swift; sourceTree = "<group>"; };
		419398062C8DFBCF005AE3D6 /* AdminButtonView.swift */ = {isa = PBXFileReference; lastKnownFileType = sourcecode.swift; path = AdminButtonView.swift; sourceTree = "<group>"; };
		419398092C8E19D6005AE3D6 /* ApiClientService.swift */ = {isa = PBXFileReference; lastKnownFileType = sourcecode.swift; path = ApiClientService.swift; sourceTree = "<group>"; };
		4193980D2C8E19FF005AE3D6 /* EndPoint.swift */ = {isa = PBXFileReference; lastKnownFileType = sourcecode.swift; path = EndPoint.swift; sourceTree = "<group>"; };
		419398102C8E1A2E005AE3D6 /* HTTPMethod.swift */ = {isa = PBXFileReference; lastKnownFileType = sourcecode.swift; path = HTTPMethod.swift; sourceTree = "<group>"; };
		419398122C8E1A43005AE3D6 /* HttpResponseStatus.swift */ = {isa = PBXFileReference; lastKnownFileType = sourcecode.swift; path = HttpResponseStatus.swift; sourceTree = "<group>"; };
		419398152C8E1A98005AE3D6 /* ApiError.swift */ = {isa = PBXFileReference; lastKnownFileType = sourcecode.swift; path = ApiError.swift; sourceTree = "<group>"; };
		419398182C8E1ABF005AE3D6 /* ApiClientServiceImp.swift */ = {isa = PBXFileReference; lastKnownFileType = sourcecode.swift; path = ApiClientServiceImp.swift; sourceTree = "<group>"; };
		4193981E2C8E1B37005AE3D6 /* RegisterUseCase.swift */ = {isa = PBXFileReference; lastKnownFileType = sourcecode.swift; path = RegisterUseCase.swift; sourceTree = "<group>"; };
		419398212C8E1B7E005AE3D6 /* RegisterUseCaseImp.swift */ = {isa = PBXFileReference; lastKnownFileType = sourcecode.swift; path = RegisterUseCaseImp.swift; sourceTree = "<group>"; };
		419398242C8E1B99005AE3D6 /* RegisterServiceImp.swift */ = {isa = PBXFileReference; lastKnownFileType = sourcecode.swift; path = RegisterServiceImp.swift; sourceTree = "<group>"; };
		419398272C8E1BA9005AE3D6 /* RegisterService.swift */ = {isa = PBXFileReference; lastKnownFileType = sourcecode.swift; path = RegisterService.swift; sourceTree = "<group>"; };
		4193982B2C8E1EE1005AE3D6 /* RegisterView.swift */ = {isa = PBXFileReference; lastKnownFileType = sourcecode.swift; path = RegisterView.swift; sourceTree = "<group>"; };
		4193982E2C8E1F02005AE3D6 /* MainViewModel.swift */ = {isa = PBXFileReference; lastKnownFileType = sourcecode.swift; path = MainViewModel.swift; sourceTree = "<group>"; };
		419398302C8E1FD6005AE3D6 /* UserRowView.swift */ = {isa = PBXFileReference; lastKnownFileType = sourcecode.swift; path = UserRowView.swift; sourceTree = "<group>"; };
		419398342C8E2013005AE3D6 /* SearchUserData.swift */ = {isa = PBXFileReference; lastKnownFileType = sourcecode.swift; path = SearchUserData.swift; sourceTree = "<group>"; };
/* End PBXFileReference section */

/* Begin PBXFrameworksBuildPhase section */
		419397EB2C8DF422005AE3D6 /* Frameworks */ = {
			isa = PBXFrameworksBuildPhase;
			buildActionMask = 2147483647;
			files = (
				419398382C8E205C005AE3D6 /* Kingfisher in Frameworks */,
			);
			runOnlyForDeploymentPostprocessing = 0;
		};
/* End PBXFrameworksBuildPhase section */

/* Begin PBXGroup section */
		4175530E2C92197500549F5C /* View */ = {
			isa = PBXGroup;
			children = (
				4175530F2C92197A00549F5C /* SafariView.swift */,
			);
			path = View;
			sourceTree = "<group>";
		};
		4178BF392C902C520057C599 /* Admin */ = {
			isa = PBXGroup;
			children = (
				4178BF3B2C902C600057C599 /* ViewModel */,
				4178BF3A2C902C5B0057C599 /* View */,
			);
			name = Admin;
			sourceTree = "<group>";
		};
		4178BF3A2C902C5B0057C599 /* View */ = {
			isa = PBXGroup;
			children = (
				419398062C8DFBCF005AE3D6 /* AdminButtonView.swift */,
				4178BF3C2C902C680057C599 /* AdminView.swift */,
			);
			name = View;
			sourceTree = "<group>";
		};
		4178BF3B2C902C600057C599 /* ViewModel */ = {
			isa = PBXGroup;
			children = (
				4178BF3E2C902C6E0057C599 /* AdminViewModel.swift */,
				417553112C9227E200549F5C /* AdminViewModel+RegisterViewDelegate.swift */,
			);
			name = ViewModel;
			sourceTree = "<group>";
		};
		4178BF402C903DCF0057C599 /* Manager */ = {
			isa = PBXGroup;
			children = (
				4178BF412C903DDF0057C599 /* HapticFeedbackManager.swift */,
			);
			path = Manager;
			sourceTree = "<group>";
		};
		41807BCD2C8ED4B3002D3922 /* Core */ = {
			isa = PBXGroup;
			children = (
				41807BCF2C8ED4D8002D3922 /* Container */,
				41807BCE2C8ED4C8002D3922 /* Auth */,
			);
			path = Core;
			sourceTree = "<group>";
		};
		41807BCE2C8ED4C8002D3922 /* Auth */ = {
			isa = PBXGroup;
			children = (
				41807BD42C8ED508002D3922 /* Auth.swift */,
			);
			path = Auth;
			sourceTree = "<group>";
		};
		41807BCF2C8ED4D8002D3922 /* Container */ = {
			isa = PBXGroup;
			children = (
				41807BD02C8ED4E6002D3922 /* DIContainer.swift */,
				41807BD22C8ED4FB002D3922 /* Injected.swift */,
			);
			path = Container;
			sourceTree = "<group>";
		};
		41807BD62C8ED52D002D3922 /* App */ = {
			isa = PBXGroup;
			children = (
				419397F12C8DF422005AE3D6 /* SuddenVanguard_AdminApp.swift */,
				41807BD72C8ED53A002D3922 /* AppDelegate.swift */,
			);
			path = App;
			sourceTree = "<group>";
		};
		41807BD92C8ED7A5002D3922 /* Config */ = {
			isa = PBXGroup;
			children = (
				41807BDA2C8ED7C4002D3922 /* ApiKey.Config.xcconfig */,
			);
			path = Config;
			sourceTree = "<group>";
		};
		41807BDE2C8EDFCB002D3922 /* Main */ = {
			isa = PBXGroup;
			children = (
				41807BE02C8EDFD4002D3922 /* ViewModel */,
				41807BDF2C8EDFD1002D3922 /* View */,
			);
			name = Main;
			sourceTree = "<group>";
		};
		41807BDF2C8EDFD1002D3922 /* View */ = {
			isa = PBXGroup;
			children = (
				419398042C8DFB12005AE3D6 /* MainView.swift */,
			);
			name = View;
			sourceTree = "<group>";
		};
		41807BE02C8EDFD4002D3922 /* ViewModel */ = {
			isa = PBXGroup;
			children = (
				4193982E2C8E1F02005AE3D6 /* MainViewModel.swift */,
			);
			name = ViewModel;
			sourceTree = "<group>";
		};
		41807BE12C8EDFF6002D3922 /* Register */ = {
			isa = PBXGroup;
			children = (
				4193982D2C8E1EF8005AE3D6 /* ViewModel */,
				4193982A2C8E1D33005AE3D6 /* View */,
			);
			name = Register;
			sourceTree = "<group>";
		};
		41807BE32C8F6DAA002D3922 /* Repository */ = {
			isa = PBXGroup;
			children = (
				41807BE42C8F6DB9002D3922 /* GetProfileDataRepository.swift */,
				4178BF4B2C9054F80057C599 /* RegisterRepository.swift */,
				417552F62C918EC600549F5C /* DeleteRepository.swift */,
				417553082C91B7D700549F5C /* GetAllDataRepository.swift */,
			);
			path = Repository;
			sourceTree = "<group>";
		};
		41807BE62C8F6DCB002D3922 /* Entity */ = {
			isa = PBXGroup;
			children = (
				41807BE72C8F6DD4002D3922 /* Request */,
				41807BE82C8F6DD9002D3922 /* Response */,
			);
			path = Entity;
			sourceTree = "<group>";
		};
		41807BE72C8F6DD4002D3922 /* Request */ = {
			isa = PBXGroup;
			children = (
				41807BE92C8F6DEA002D3922 /* GetProfileRequest.swift */,
				4178BF452C9040730057C599 /* RegisterRequest.swift */,
				417552F02C918C4900549F5C /* DeleteRequest.swift */,
				417553062C91B77C00549F5C /* GetAllDataRequest.swift */,
			);
			path = Request;
			sourceTree = "<group>";
		};
		41807BE82C8F6DD9002D3922 /* Response */ = {
			isa = PBXGroup;
			children = (
				41807BEB2C8F6DF1002D3922 /* ProfileResponse.swift */,
				4178BF472C90407A0057C599 /* RegisterResponse.swift */,
				417552F22C918C5000549F5C /* DeleteResponse.swift */,
				417553042C91B72B00549F5C /* GetAllDataResponse.swift */,
			);
			path = Response;
			sourceTree = "<group>";
		};
		41807BED2C8F6F33002D3922 /* DTO */ = {
			isa = PBXGroup;
			children = (
				41807BEE2C8F6F3E002D3922 /* ProfileDTO.swift */,
				4178BF432C903FF90057C599 /* RegisterDTO.swift */,
				417552EC2C918B9900549F5C /* DeleteDTO.swift */,
				417552EE2C918BC400549F5C /* GetAllDataDTO.swift */,
			);
			path = DTO;
			sourceTree = "<group>";
		};
		41807BF02C8F6FA1002D3922 /* Repository */ = {
			isa = PBXGroup;
			children = (
				41807BF12C8F6FB9002D3922 /* GetProfileDataRepositoryImp.swift */,
				4178BF4D2C90555A0057C599 /* RegisterRepositoryImp.swift */,
				417553002C91906F00549F5C /* DeleteRepositoryImp.swift */,
				4175530C2C91BBC500549F5C /* GetAllDataRepositoryImp.swift */,
			);
			path = Repository;
			sourceTree = "<group>";
		};
		419397E52C8DF422005AE3D6 = {
			isa = PBXGroup;
			children = (
				419397F02C8DF422005AE3D6 /* SuddenVanguard-Admin */,
				419397EF2C8DF422005AE3D6 /* Products */,
			);
			sourceTree = "<group>";
		};
		419397EF2C8DF422005AE3D6 /* Products */ = {
			isa = PBXGroup;
			children = (
				419397EE2C8DF422005AE3D6 /* SuddenVanguard-Admin.app */,
			);
			name = Products;
			sourceTree = "<group>";
		};
		419397F02C8DF422005AE3D6 /* SuddenVanguard-Admin */ = {
			isa = PBXGroup;
			children = (
				41807BDB2C8ED80B002D3922 /* Info.plist */,
				41807BD92C8ED7A5002D3922 /* Config */,
				41807BD62C8ED52D002D3922 /* App */,
				41807BCD2C8ED4B3002D3922 /* Core */,
				419398322C8E1FF4005AE3D6 /* Common */,
				4193981C2C8E1B03005AE3D6 /* Data */,
				4193981A2C8E1AF5005AE3D6 /* Domain */,
				419398082C8E19C6005AE3D6 /* NetworkService */,
				4193981B2C8E1AFC005AE3D6 /* Presentation */,
				419397F52C8DF424005AE3D6 /* Assets.xcassets */,
				419397F72C8DF424005AE3D6 /* Preview Content */,
			);
			path = "SuddenVanguard-Admin";
			sourceTree = "<group>";
		};
		419397F72C8DF424005AE3D6 /* Preview Content */ = {
			isa = PBXGroup;
			children = (
				419397F82C8DF424005AE3D6 /* Preview Assets.xcassets */,
			);
			path = "Preview Content";
			sourceTree = "<group>";
		};
		419398082C8E19C6005AE3D6 /* NetworkService */ = {
			isa = PBXGroup;
			children = (
				419398172C8E1AAB005AE3D6 /* Implementations */,
				419398142C8E1A8C005AE3D6 /* Error */,
				4193980F2C8E1A19005AE3D6 /* StatusResponse */,
				4193980C2C8E19F2005AE3D6 /* ApiService */,
				4193980B2C8E19EB005AE3D6 /* EndPoint */,
				419398102C8E1A2E005AE3D6 /* HTTPMethod.swift */,
			);
			path = NetworkService;
			sourceTree = "<group>";
		};
		4193980B2C8E19EB005AE3D6 /* EndPoint */ = {
			isa = PBXGroup;
			children = (
				41807BF32C8F7038002D3922 /* ProfileEndPoint.swift */,
				4178BF492C9041A40057C599 /* RegisterEndPoint.swift */,
				4193980D2C8E19FF005AE3D6 /* EndPoint.swift */,
				417552F42C918CB900549F5C /* DeleteEndPoint.swift */,
				4175530A2C91B7EB00549F5C /* GetAllDataEndPoint.swift */,
			);
			path = EndPoint;
			sourceTree = "<group>";
		};
		4193980C2C8E19F2005AE3D6 /* ApiService */ = {
			isa = PBXGroup;
			children = (
				419398092C8E19D6005AE3D6 /* ApiClientService.swift */,
			);
			path = ApiService;
			sourceTree = "<group>";
		};
		4193980F2C8E1A19005AE3D6 /* StatusResponse */ = {
			isa = PBXGroup;
			children = (
				419398122C8E1A43005AE3D6 /* HttpResponseStatus.swift */,
			);
			path = StatusResponse;
			sourceTree = "<group>";
		};
		419398142C8E1A8C005AE3D6 /* Error */ = {
			isa = PBXGroup;
			children = (
				419398152C8E1A98005AE3D6 /* ApiError.swift */,
			);
			path = Error;
			sourceTree = "<group>";
		};
		419398172C8E1AAB005AE3D6 /* Implementations */ = {
			isa = PBXGroup;
			children = (
				419398182C8E1ABF005AE3D6 /* ApiClientServiceImp.swift */,
			);
			path = Implementations;
			sourceTree = "<group>";
		};
		4193981A2C8E1AF5005AE3D6 /* Domain */ = {
			isa = PBXGroup;
			children = (
				41807BE62C8F6DCB002D3922 /* Entity */,
				41807BE32C8F6DAA002D3922 /* Repository */,
				419398262C8E1B9D005AE3D6 /* Service */,
				419398202C8E1B68005AE3D6 /* UseCaseImplementation */,
				4193981D2C8E1B2A005AE3D6 /* UseCase */,
			);
			path = Domain;
			sourceTree = "<group>";
		};
		4193981B2C8E1AFC005AE3D6 /* Presentation */ = {
			isa = PBXGroup;
			children = (
				41807BDE2C8EDFCB002D3922 /* Main */,
				4178BF392C902C520057C599 /* Admin */,
				41807BE12C8EDFF6002D3922 /* Register */,
			);
			path = Presentation;
			sourceTree = "<group>";
		};
		4193981C2C8E1B03005AE3D6 /* Data */ = {
			isa = PBXGroup;
			children = (
				41807BED2C8F6F33002D3922 /* DTO */,
				41807BF02C8F6FA1002D3922 /* Repository */,
				419398232C8E1B87005AE3D6 /* Service */,
			);
			path = Data;
			sourceTree = "<group>";
		};
		4193981D2C8E1B2A005AE3D6 /* UseCase */ = {
			isa = PBXGroup;
			children = (
				4193981E2C8E1B37005AE3D6 /* RegisterUseCase.swift */,
				417552F82C918F0300549F5C /* AdminUseCase.swift */,
			);
			path = UseCase;
			sourceTree = "<group>";
		};
		419398202C8E1B68005AE3D6 /* UseCaseImplementation */ = {
			isa = PBXGroup;
			children = (
				419398212C8E1B7E005AE3D6 /* RegisterUseCaseImp.swift */,
				417552FC2C918F5B00549F5C /* AdminUseCaseImp.swift */,
			);
			path = UseCaseImplementation;
			sourceTree = "<group>";
		};
		419398232C8E1B87005AE3D6 /* Service */ = {
			isa = PBXGroup;
			children = (
				419398242C8E1B99005AE3D6 /* RegisterServiceImp.swift */,
				417552FE2C918FA500549F5C /* AdminServiceImp.swift */,
			);
			path = Service;
			sourceTree = "<group>";
		};
		419398262C8E1B9D005AE3D6 /* Service */ = {
			isa = PBXGroup;
			children = (
				419398272C8E1BA9005AE3D6 /* RegisterService.swift */,
				417552FA2C918F4100549F5C /* AdminService.swift */,
			);
			path = Service;
			sourceTree = "<group>";
		};
		4193982A2C8E1D33005AE3D6 /* View */ = {
			isa = PBXGroup;
			children = (
				4193982B2C8E1EE1005AE3D6 /* RegisterView.swift */,
				419398302C8E1FD6005AE3D6 /* UserRowView.swift */,
			);
			name = View;
			sourceTree = "<group>";
		};
		4193982D2C8E1EF8005AE3D6 /* ViewModel */ = {
			isa = PBXGroup;
			children = (
				41807BDC2C8EDF02002D3922 /* RegisterViewModel.swift */,
			);
			name = ViewModel;
			sourceTree = "<group>";
		};
		419398322C8E1FF4005AE3D6 /* Common */ = {
			isa = PBXGroup;
			children = (
				4175530E2C92197500549F5C /* View */,
				4178BF402C903DCF0057C599 /* Manager */,
				419398332C8E2000005AE3D6 /* Entities */,
			);
			path = Common;
			sourceTree = "<group>";
		};
		419398332C8E2000005AE3D6 /* Entities */ = {
			isa = PBXGroup;
			children = (
				419398342C8E2013005AE3D6 /* SearchUserData.swift */,
				417553022C91927500549F5C /* ProgramUserData.swift */,
			);
			path = Entities;
			sourceTree = "<group>";
		};
/* End PBXGroup section */

/* Begin PBXNativeTarget section */
		419397ED2C8DF422005AE3D6 /* SuddenVanguard-Admin */ = {
			isa = PBXNativeTarget;
			buildConfigurationList = 419397FC2C8DF424005AE3D6 /* Build configuration list for PBXNativeTarget "SuddenVanguard-Admin" */;
			buildPhases = (
				419397EA2C8DF422005AE3D6 /* Sources */,
				419397EB2C8DF422005AE3D6 /* Frameworks */,
				419397EC2C8DF422005AE3D6 /* Resources */,
			);
			buildRules = (
			);
			dependencies = (
			);
			name = "SuddenVanguard-Admin";
			packageProductDependencies = (
				419398372C8E205C005AE3D6 /* Kingfisher */,
			);
			productName = "SuddenVanguard-Admin";
			productReference = 419397EE2C8DF422005AE3D6 /* SuddenVanguard-Admin.app */;
			productType = "com.apple.product-type.application";
		};
/* End PBXNativeTarget section */

/* Begin PBXProject section */
		419397E62C8DF422005AE3D6 /* Project object */ = {
			isa = PBXProject;
			attributes = {
				BuildIndependentTargetsInParallel = 1;
				LastSwiftUpdateCheck = 1520;
				LastUpgradeCheck = 1520;
				TargetAttributes = {
					419397ED2C8DF422005AE3D6 = {
						CreatedOnToolsVersion = 15.2;
					};
				};
			};
			buildConfigurationList = 419397E92C8DF422005AE3D6 /* Build configuration list for PBXProject "SuddenVanguard-Admin" */;
			compatibilityVersion = "Xcode 14.0";
			developmentRegion = ko;
			hasScannedForEncodings = 0;
			knownRegions = (
				en,
				Base,
				ko,
			);
			mainGroup = 419397E52C8DF422005AE3D6;
			packageReferences = (
				419398362C8E205C005AE3D6 /* XCRemoteSwiftPackageReference "Kingfisher" */,
			);
			productRefGroup = 419397EF2C8DF422005AE3D6 /* Products */;
			projectDirPath = "";
			projectRoot = "";
			targets = (
				419397ED2C8DF422005AE3D6 /* SuddenVanguard-Admin */,
			);
		};
/* End PBXProject section */

/* Begin PBXResourcesBuildPhase section */
		419397EC2C8DF422005AE3D6 /* Resources */ = {
			isa = PBXResourcesBuildPhase;
			buildActionMask = 2147483647;
			files = (
				419397F92C8DF424005AE3D6 /* Preview Assets.xcassets in Resources */,
				419397F62C8DF424005AE3D6 /* Assets.xcassets in Resources */,
			);
			runOnlyForDeploymentPostprocessing = 0;
		};
/* End PBXResourcesBuildPhase section */

/* Begin PBXSourcesBuildPhase section */
		419397EA2C8DF422005AE3D6 /* Sources */ = {
			isa = PBXSourcesBuildPhase;
			buildActionMask = 2147483647;
			files = (
				41807BE52C8F6DB9002D3922 /* GetProfileDataRepository.swift in Sources */,
				41807BD82C8ED53A002D3922 /* AppDelegate.swift in Sources */,
				4193980E2C8E19FF005AE3D6 /* EndPoint.swift in Sources */,
				417553052C91B72B00549F5C /* GetAllDataResponse.swift in Sources */,
				4193980A2C8E19D6005AE3D6 /* ApiClientService.swift in Sources */,
				419398112C8E1A2E005AE3D6 /* HTTPMethod.swift in Sources */,
				4178BF4E2C90555A0057C599 /* RegisterRepositoryImp.swift in Sources */,
				419398222C8E1B7E005AE3D6 /* RegisterUseCaseImp.swift in Sources */,
				417552F92C918F0300549F5C /* AdminUseCase.swift in Sources */,
				4178BF3F2C902C6E0057C599 /* AdminViewModel.swift in Sources */,
				419398192C8E1ABF005AE3D6 /* ApiClientServiceImp.swift in Sources */,
				419398072C8DFBCF005AE3D6 /* AdminButtonView.swift in Sources */,
				4175530B2C91B7EB00549F5C /* GetAllDataEndPoint.swift in Sources */,
				417552F12C918C4900549F5C /* DeleteRequest.swift in Sources */,
				41807BEC2C8F6DF1002D3922 /* ProfileResponse.swift in Sources */,
				417553122C9227E200549F5C /* AdminViewModel+RegisterViewDelegate.swift in Sources */,
				41807BF22C8F6FB9002D3922 /* GetProfileDataRepositoryImp.swift in Sources */,
				419398162C8E1A98005AE3D6 /* ApiError.swift in Sources */,
				419398312C8E1FD6005AE3D6 /* UserRowView.swift in Sources */,
				41807BEF2C8F6F3E002D3922 /* ProfileDTO.swift in Sources */,
				417552F72C918EC600549F5C /* DeleteRepository.swift in Sources */,
				4193981F2C8E1B37005AE3D6 /* RegisterUseCase.swift in Sources */,
				417553092C91B7D700549F5C /* GetAllDataRepository.swift in Sources */,
				41807BF42C8F7038002D3922 /* ProfileEndPoint.swift in Sources */,
				419398282C8E1BA9005AE3D6 /* RegisterService.swift in Sources */,
				41807BD52C8ED508002D3922 /* Auth.swift in Sources */,
				4193982C2C8E1EE1005AE3D6 /* RegisterView.swift in Sources */,
				417552F52C918CB900549F5C /* DeleteEndPoint.swift in Sources */,
				419398352C8E2013005AE3D6 /* SearchUserData.swift in Sources */,
				419398052C8DFB12005AE3D6 /* MainView.swift in Sources */,
				417552FB2C918F4100549F5C /* AdminService.swift in Sources */,
				417552EF2C918BC400549F5C /* GetAllDataDTO.swift in Sources */,
				4178BF422C903DDF0057C599 /* HapticFeedbackManager.swift in Sources */,
				417553012C91906F00549F5C /* DeleteRepositoryImp.swift in Sources */,
				417552F32C918C5000549F5C /* DeleteResponse.swift in Sources */,
				417553102C92197A00549F5C /* SafariView.swift in Sources */,
				4178BF3D2C902C680057C599 /* AdminView.swift in Sources */,
				4178BF462C9040730057C599 /* RegisterRequest.swift in Sources */,
				4178BF4C2C9054F80057C599 /* RegisterRepository.swift in Sources */,
				419398132C8E1A43005AE3D6 /* HttpResponseStatus.swift in Sources */,
				417552FD2C918F5B00549F5C /* AdminUseCaseImp.swift in Sources */,
				4178BF442C903FF90057C599 /* RegisterDTO.swift in Sources */,
				41807BD32C8ED4FB002D3922 /* Injected.swift in Sources */,
				417553032C91927500549F5C /* ProgramUserData.swift in Sources */,
				4178BF4A2C9041A40057C599 /* RegisterEndPoint.swift in Sources */,
				419398252C8E1B99005AE3D6 /* RegisterServiceImp.swift in Sources */,
				419397F22C8DF422005AE3D6 /* SuddenVanguard_AdminApp.swift in Sources */,
				41807BEA2C8F6DEA002D3922 /* GetProfileRequest.swift in Sources */,
				417553072C91B77C00549F5C /* GetAllDataRequest.swift in Sources */,
				4175530D2C91BBC500549F5C /* GetAllDataRepositoryImp.swift in Sources */,
				41807BD12C8ED4E7002D3922 /* DIContainer.swift in Sources */,
				4193982F2C8E1F02005AE3D6 /* MainViewModel.swift in Sources */,
				41807BDD2C8EDF02002D3922 /* RegisterViewModel.swift in Sources */,
				4178BF482C90407A0057C599 /* RegisterResponse.swift in Sources */,
				417552ED2C918B9900549F5C /* DeleteDTO.swift in Sources */,
				417552FF2C918FA500549F5C /* AdminServiceImp.swift in Sources */,
			);
			runOnlyForDeploymentPostprocessing = 0;
		};
/* End PBXSourcesBuildPhase section */

/* Begin XCBuildConfiguration section */
		419397FA2C8DF424005AE3D6 /* Debug */ = {
			isa = XCBuildConfiguration;
			baseConfigurationReference = 41807BDA2C8ED7C4002D3922 /* ApiKey.Config.xcconfig */;
			buildSettings = {
				ALWAYS_SEARCH_USER_PATHS = NO;
				ASSETCATALOG_COMPILER_GENERATE_SWIFT_ASSET_SYMBOL_EXTENSIONS = YES;
				CLANG_ANALYZER_NONNULL = YES;
				CLANG_ANALYZER_NUMBER_OBJECT_CONVERSION = YES_AGGRESSIVE;
				CLANG_CXX_LANGUAGE_STANDARD = "gnu++20";
				CLANG_ENABLE_MODULES = YES;
				CLANG_ENABLE_OBJC_ARC = YES;
				CLANG_ENABLE_OBJC_WEAK = YES;
				CLANG_WARN_BLOCK_CAPTURE_AUTORELEASING = YES;
				CLANG_WARN_BOOL_CONVERSION = YES;
				CLANG_WARN_COMMA = YES;
				CLANG_WARN_CONSTANT_CONVERSION = YES;
				CLANG_WARN_DEPRECATED_OBJC_IMPLEMENTATIONS = YES;
				CLANG_WARN_DIRECT_OBJC_ISA_USAGE = YES_ERROR;
				CLANG_WARN_DOCUMENTATION_COMMENTS = YES;
				CLANG_WARN_EMPTY_BODY = YES;
				CLANG_WARN_ENUM_CONVERSION = YES;
				CLANG_WARN_INFINITE_RECURSION = YES;
				CLANG_WARN_INT_CONVERSION = YES;
				CLANG_WARN_NON_LITERAL_NULL_CONVERSION = YES;
				CLANG_WARN_OBJC_IMPLICIT_RETAIN_SELF = YES;
				CLANG_WARN_OBJC_LITERAL_CONVERSION = YES;
				CLANG_WARN_OBJC_ROOT_CLASS = YES_ERROR;
				CLANG_WARN_QUOTED_INCLUDE_IN_FRAMEWORK_HEADER = YES;
				CLANG_WARN_RANGE_LOOP_ANALYSIS = YES;
				CLANG_WARN_STRICT_PROTOTYPES = YES;
				CLANG_WARN_SUSPICIOUS_MOVE = YES;
				CLANG_WARN_UNGUARDED_AVAILABILITY = YES_AGGRESSIVE;
				CLANG_WARN_UNREACHABLE_CODE = YES;
				CLANG_WARN__DUPLICATE_METHOD_MATCH = YES;
				COPY_PHASE_STRIP = NO;
				DEBUG_INFORMATION_FORMAT = dwarf;
				ENABLE_STRICT_OBJC_MSGSEND = YES;
				ENABLE_TESTABILITY = YES;
				ENABLE_USER_SCRIPT_SANDBOXING = YES;
				GCC_C_LANGUAGE_STANDARD = gnu17;
				GCC_DYNAMIC_NO_PIC = NO;
				GCC_NO_COMMON_BLOCKS = YES;
				GCC_OPTIMIZATION_LEVEL = 0;
				GCC_PREPROCESSOR_DEFINITIONS = (
					"DEBUG=1",
					"$(inherited)",
				);
				GCC_WARN_64_TO_32_BIT_CONVERSION = YES;
				GCC_WARN_ABOUT_RETURN_TYPE = YES_ERROR;
				GCC_WARN_UNDECLARED_SELECTOR = YES;
				GCC_WARN_UNINITIALIZED_AUTOS = YES_AGGRESSIVE;
				GCC_WARN_UNUSED_FUNCTION = YES;
				GCC_WARN_UNUSED_VARIABLE = YES;
				IPHONEOS_DEPLOYMENT_TARGET = 17.2;
				LOCALIZATION_PREFERS_STRING_CATALOGS = YES;
				MTL_ENABLE_DEBUG_INFO = INCLUDE_SOURCE;
				MTL_FAST_MATH = YES;
				ONLY_ACTIVE_ARCH = YES;
				SDKROOT = iphoneos;
				SWIFT_ACTIVE_COMPILATION_CONDITIONS = "DEBUG $(inherited)";
				SWIFT_OPTIMIZATION_LEVEL = "-Onone";
			};
			name = Debug;
		};
		419397FB2C8DF424005AE3D6 /* Release */ = {
			isa = XCBuildConfiguration;
			baseConfigurationReference = 41807BDA2C8ED7C4002D3922 /* ApiKey.Config.xcconfig */;
			buildSettings = {
				ALWAYS_SEARCH_USER_PATHS = NO;
				ASSETCATALOG_COMPILER_GENERATE_SWIFT_ASSET_SYMBOL_EXTENSIONS = YES;
				CLANG_ANALYZER_NONNULL = YES;
				CLANG_ANALYZER_NUMBER_OBJECT_CONVERSION = YES_AGGRESSIVE;
				CLANG_CXX_LANGUAGE_STANDARD = "gnu++20";
				CLANG_ENABLE_MODULES = YES;
				CLANG_ENABLE_OBJC_ARC = YES;
				CLANG_ENABLE_OBJC_WEAK = YES;
				CLANG_WARN_BLOCK_CAPTURE_AUTORELEASING = YES;
				CLANG_WARN_BOOL_CONVERSION = YES;
				CLANG_WARN_COMMA = YES;
				CLANG_WARN_CONSTANT_CONVERSION = YES;
				CLANG_WARN_DEPRECATED_OBJC_IMPLEMENTATIONS = YES;
				CLANG_WARN_DIRECT_OBJC_ISA_USAGE = YES_ERROR;
				CLANG_WARN_DOCUMENTATION_COMMENTS = YES;
				CLANG_WARN_EMPTY_BODY = YES;
				CLANG_WARN_ENUM_CONVERSION = YES;
				CLANG_WARN_INFINITE_RECURSION = YES;
				CLANG_WARN_INT_CONVERSION = YES;
				CLANG_WARN_NON_LITERAL_NULL_CONVERSION = YES;
				CLANG_WARN_OBJC_IMPLICIT_RETAIN_SELF = YES;
				CLANG_WARN_OBJC_LITERAL_CONVERSION = YES;
				CLANG_WARN_OBJC_ROOT_CLASS = YES_ERROR;
				CLANG_WARN_QUOTED_INCLUDE_IN_FRAMEWORK_HEADER = YES;
				CLANG_WARN_RANGE_LOOP_ANALYSIS = YES;
				CLANG_WARN_STRICT_PROTOTYPES = YES;
				CLANG_WARN_SUSPICIOUS_MOVE = YES;
				CLANG_WARN_UNGUARDED_AVAILABILITY = YES_AGGRESSIVE;
				CLANG_WARN_UNREACHABLE_CODE = YES;
				CLANG_WARN__DUPLICATE_METHOD_MATCH = YES;
				COPY_PHASE_STRIP = NO;
				DEBUG_INFORMATION_FORMAT = "dwarf-with-dsym";
				ENABLE_NS_ASSERTIONS = NO;
				ENABLE_STRICT_OBJC_MSGSEND = YES;
				ENABLE_USER_SCRIPT_SANDBOXING = YES;
				GCC_C_LANGUAGE_STANDARD = gnu17;
				GCC_NO_COMMON_BLOCKS = YES;
				GCC_WARN_64_TO_32_BIT_CONVERSION = YES;
				GCC_WARN_ABOUT_RETURN_TYPE = YES_ERROR;
				GCC_WARN_UNDECLARED_SELECTOR = YES;
				GCC_WARN_UNINITIALIZED_AUTOS = YES_AGGRESSIVE;
				GCC_WARN_UNUSED_FUNCTION = YES;
				GCC_WARN_UNUSED_VARIABLE = YES;
				IPHONEOS_DEPLOYMENT_TARGET = 17.2;
				LOCALIZATION_PREFERS_STRING_CATALOGS = YES;
				MTL_ENABLE_DEBUG_INFO = NO;
				MTL_FAST_MATH = YES;
				SDKROOT = iphoneos;
				SWIFT_COMPILATION_MODE = wholemodule;
				VALIDATE_PRODUCT = YES;
			};
			name = Release;
		};
		419397FD2C8DF424005AE3D6 /* Debug */ = {
			isa = XCBuildConfiguration;
			baseConfigurationReference = 41807BDA2C8ED7C4002D3922 /* ApiKey.Config.xcconfig */;
			buildSettings = {
				ASSETCATALOG_COMPILER_APPICON_NAME = AppIcon;
				ASSETCATALOG_COMPILER_GLOBAL_ACCENT_COLOR_NAME = AccentColor;
				CODE_SIGN_STYLE = Automatic;
				CURRENT_PROJECT_VERSION = 1;
				DEVELOPMENT_ASSET_PATHS = "\"SuddenVanguard-Admin/Preview Content\"";
				DEVELOPMENT_TEAM = UAG934M4Q7;
				ENABLE_PREVIEWS = YES;
				GENERATE_INFOPLIST_FILE = YES;
				INFOPLIST_FILE = "SuddenVanguard-Admin/Info.plist";
				INFOPLIST_KEY_CFBundleDisplayName = "서든뱅가드-관리자";
				INFOPLIST_KEY_UIApplicationSceneManifest_Generation = YES;
				INFOPLIST_KEY_UIApplicationSupportsIndirectInputEvents = YES;
				INFOPLIST_KEY_UILaunchScreen_Generation = YES;
				INFOPLIST_KEY_UIStatusBarStyle = "";
				INFOPLIST_KEY_UISupportedInterfaceOrientations = UIInterfaceOrientationPortrait;
				INFOPLIST_KEY_UIUserInterfaceStyle = Dark;
				IPHONEOS_DEPLOYMENT_TARGET = 16.0;
				LD_RUNPATH_SEARCH_PATHS = (
					"$(inherited)",
					"@executable_path/Frameworks",
				);
				MARKETING_VERSION = 1.0;
				PRODUCT_BUNDLE_IDENTIFIER = "com.Dongho.SuddenVanguard-Admin";
				PRODUCT_NAME = "$(TARGET_NAME)";
				SUPPORTED_PLATFORMS = "iphoneos iphonesimulator";
				SUPPORTS_MACCATALYST = NO;
				SUPPORTS_MAC_DESIGNED_FOR_IPHONE_IPAD = NO;
				SUPPORTS_XR_DESIGNED_FOR_IPHONE_IPAD = NO;
				SWIFT_EMIT_LOC_STRINGS = YES;
				SWIFT_VERSION = 5.0;
				TARGETED_DEVICE_FAMILY = 1;
			};
			name = Debug;
		};
		419397FE2C8DF424005AE3D6 /* Release */ = {
			isa = XCBuildConfiguration;
			baseConfigurationReference = 41807BDA2C8ED7C4002D3922 /* ApiKey.Config.xcconfig */;
			buildSettings = {
				ASSETCATALOG_COMPILER_APPICON_NAME = AppIcon;
				ASSETCATALOG_COMPILER_GLOBAL_ACCENT_COLOR_NAME = AccentColor;
				CODE_SIGN_STYLE = Automatic;
				CURRENT_PROJECT_VERSION = 1;
				DEVELOPMENT_ASSET_PATHS = "\"SuddenVanguard-Admin/Preview Content\"";
				DEVELOPMENT_TEAM = UAG934M4Q7;
				ENABLE_PREVIEWS = YES;
				GENERATE_INFOPLIST_FILE = YES;
				INFOPLIST_FILE = "SuddenVanguard-Admin/Info.plist";
				INFOPLIST_KEY_CFBundleDisplayName = "서든뱅가드-관리자";
				INFOPLIST_KEY_UIApplicationSceneManifest_Generation = YES;
				INFOPLIST_KEY_UIApplicationSupportsIndirectInputEvents = YES;
				INFOPLIST_KEY_UILaunchScreen_Generation = YES;
				INFOPLIST_KEY_UIStatusBarStyle = "";
				INFOPLIST_KEY_UISupportedInterfaceOrientations = UIInterfaceOrientationPortrait;
				INFOPLIST_KEY_UIUserInterfaceStyle = Dark;
				IPHONEOS_DEPLOYMENT_TARGET = 16.0;
				LD_RUNPATH_SEARCH_PATHS = (
					"$(inherited)",
					"@executable_path/Frameworks",
				);
				MARKETING_VERSION = 1.0;
				PRODUCT_BUNDLE_IDENTIFIER = "com.Dongho.SuddenVanguard-Admin";
				PRODUCT_NAME = "$(TARGET_NAME)";
				SUPPORTED_PLATFORMS = "iphoneos iphonesimulator";
				SUPPORTS_MACCATALYST = NO;
				SUPPORTS_MAC_DESIGNED_FOR_IPHONE_IPAD = NO;
				SUPPORTS_XR_DESIGNED_FOR_IPHONE_IPAD = NO;
				SWIFT_EMIT_LOC_STRINGS = YES;
				SWIFT_VERSION = 5.0;
				TARGETED_DEVICE_FAMILY = 1;
			};
			name = Release;
		};
/* End XCBuildConfiguration section */

/* Begin XCConfigurationList section */
		419397E92C8DF422005AE3D6 /* Build configuration list for PBXProject "SuddenVanguard-Admin" */ = {
			isa = XCConfigurationList;
			buildConfigurations = (
				419397FA2C8DF424005AE3D6 /* Debug */,
				419397FB2C8DF424005AE3D6 /* Release */,
			);
			defaultConfigurationIsVisible = 0;
			defaultConfigurationName = Release;
		};
		419397FC2C8DF424005AE3D6 /* Build configuration list for PBXNativeTarget "SuddenVanguard-Admin" */ = {
			isa = XCConfigurationList;
			buildConfigurations = (
				419397FD2C8DF424005AE3D6 /* Debug */,
				419397FE2C8DF424005AE3D6 /* Release */,
			);
			defaultConfigurationIsVisible = 0;
			defaultConfigurationName = Release;
		};
/* End XCConfigurationList section */

/* Begin XCRemoteSwiftPackageReference section */
		419398362C8E205C005AE3D6 /* XCRemoteSwiftPackageReference "Kingfisher" */ = {
			isa = XCRemoteSwiftPackageReference;
			repositoryURL = "https://github.com/onevcat/Kingfisher";
			requirement = {
				kind = upToNextMajorVersion;
				minimumVersion = 7.12.0;
			};
		};
/* End XCRemoteSwiftPackageReference section */

/* Begin XCSwiftPackageProductDependency section */
		419398372C8E205C005AE3D6 /* Kingfisher */ = {
			isa = XCSwiftPackageProductDependency;
			package = 419398362C8E205C005AE3D6 /* XCRemoteSwiftPackageReference "Kingfisher" */;
			productName = Kingfisher;
		};
/* End XCSwiftPackageProductDependency section */
	};
	rootObject = 419397E62C8DF422005AE3D6 /* Project object */;
}
